<?xml version="1.0" encoding="utf-8"?>
<Project ToolsVersion="4.0" xmlns="http://schemas.microsoft.com/developer/msbuild/2003">
  <ItemGroup>
    <Filter Include="Source Files">
      <UniqueIdentifier>{4FC737F1-C7A5-4376-A066-2A32D752A2FF}</UniqueIdentifier>
      <Extensions>cpp;c;cc;cxx;c++;cppm;ixx;def;odl;idl;hpj;bat;asm;asmx</Extensions>
    </Filter>
  </ItemGroup>
  <ItemGroup>
    <ClInclude Include="Util.h">
      <Filter>Source Files</Filter>
    </ClInclude>
    <ClInclude Include="MathEngine.h">
      <Filter>Source Files</Filter>
    </ClInclude>
    <ClInclude Include="Constants.h">
      <Filter>Source Files</Filter>
    </ClInclude>
    <ClInclude Include="Vect.h">
      <Filter>Source Files</Filter>
    </ClInclude>
    <ClInclude Include="Align16.h">
      <Filter>Source Files</Filter>
    </ClInclude>
    <ClInclude Include="Enum.h">
      <Filter>Source Files</Filter>
    </ClInclude>
    <ClInclude Include="Trig.h">
      <Filter>Source Files</Filter>
    </ClInclude>
    <ClInclude Include="VectApp.h">
      <Filter>Source Files</Filter>
    </ClInclude>
    <ClInclude Include="MathApp.h">
      <Filter>Source Files</Filter>
    </ClInclude>
    <ClInclude Include="Matrix.h">
      <Filter>Source Files</Filter>
    </ClInclude>
    <ClInclude Include="Quat.h">
      <Filter>Source Files</Filter>
    </ClInclude>
    <ClInclude Include="QuatApp.h">
      <Filter>Source Files</Filter>
    </ClInclude>
  </ItemGroup>
  <ItemGroup>
    <ClCompile Include="Util.cpp">
      <Filter>Source Files</Filter>
    </ClCompile>
    <ClCompile Include="Vect.cpp">
      <Filter>Source Files</Filter>
    </ClCompile>
    <ClCompile Include="Trig.cpp">
      <Filter>Source Files</Filter>
    </ClCompile>
    <ClCompile Include="VectApp.cpp">
      <Filter>Source Files</Filter>
    </ClCompile>
    <ClCompile Include="Matrix.cpp">
      <Filter>Source Files</Filter>
    </ClCompile>
    <ClCompile Include="Quat.cpp">
      <Filter>Source Files</Filter>
    </ClCompile>
    <ClCompile Include="QuatApp.cpp">
      <Filter>Source Files</Filter>
    </ClCompile>
  </ItemGroup>
</Project>